
Microsoft Visual Studio Solution File, Format Version 12.00
# Visual Studio Version 16
VisualStudioVersion = 16.0.30128.74
MinimumVisualStudioVersion = 10.0.40219.1
Project("{9A19103F-16F7-4668-BE54-9A1E7A4F7556}") = "CSharp Tutorial", "CSharp Tutorial\CSharp Tutorial.csproj", "{C886F37C-B10D-403B-BBD1-32A0C313897F}"
EndProject
Project("{9A19103F-16F7-4668-BE54-9A1E7A4F7556}") = "BankLibrary", "BankLibrary\BankLibrary.csproj", "{67DE0351-2DAD-4E25-94C1-D874384B0830}"
EndProject
Project("{9A19103F-16F7-4668-BE54-9A1E7A4F7556}") = "BankTests", "BankTests\BankTests.csproj", "{29DB4DB9-1A33-43A5-B00F-41EDBE5DDEB5}"
EndProject
Project("{2150E333-8FDC-42A3-9474-1A3956D46DE8}") = "Solution Items", "Solution Items", "{8C83777A-CD37-405E-B5CC-C4882C694099}"
	ProjectSection(SolutionItems) = preProject
		AzureNotes.txt = AzureNotes.txt
		DotNet.txt = DotNet.txt
	EndProjectSection
EndProject
Project("{FAE04EC0-301F-11D3-BF4B-00C04F79EFBC}") = "StudentApp", "StudentApp\StudentApp.csproj", "{B8F67FAC-9B36-4C10-BAC3-C6C9C33248DE}"
EndProject
Global
	GlobalSection(SolutionConfigurationPlatforms) = preSolution
		Debug|Any CPU = Debug|Any CPU
		Release|Any CPU = Release|Any CPU
	EndGlobalSection
	GlobalSection(ProjectConfigurationPlatforms) = postSolution
		{C886F37C-B10D-403B-BBD1-32A0C313897F}.Debug|Any CPU.ActiveCfg = Debug|Any CPU
		{C886F37C-B10D-403B-BBD1-32A0C313897F}.Debug|Any CPU.Build.0 = Debug|Any CPU
		{C886F37C-B10D-403B-BBD1-32A0C313897F}.Release|Any CPU.ActiveCfg = Release|Any CPU
		{C886F37C-B10D-403B-BBD1-32A0C313897F}.Release|Any CPU.Build.0 = Release|Any CPU
		{67DE0351-2DAD-4E25-94C1-D874384B0830}.Debug|Any CPU.ActiveCfg = Debug|Any CPU
		{67DE0351-2DAD-4E25-94C1-D874384B0830}.Debug|Any CPU.Build.0 = Debug|Any CPU
		{67DE0351-2DAD-4E25-94C1-D874384B0830}.Release|Any CPU.ActiveCfg = Release|Any CPU
		{67DE0351-2DAD-4E25-94C1-D874384B0830}.Release|Any CPU.Build.0 = Release|Any CPU
		{29DB4DB9-1A33-43A5-B00F-41EDBE5DDEB5}.Debug|Any CPU.ActiveCfg = Debug|Any CPU
		{29DB4DB9-1A33-43A5-B00F-41EDBE5DDEB5}.Debug|Any CPU.Build.0 = Debug|Any CPU
		{29DB4DB9-1A33-43A5-B00F-41EDBE5DDEB5}.Release|Any CPU.ActiveCfg = Release|Any CPU
		{29DB4DB9-1A33-43A5-B00F-41EDBE5DDEB5}.Release|Any CPU.Build.0 = Release|Any CPU
		{B8F67FAC-9B36-4C10-BAC3-C6C9C33248DE}.Debug|Any CPU.ActiveCfg = Debug|Any CPU
		{B8F67FAC-9B36-4C10-BAC3-C6C9C33248DE}.Debug|Any CPU.Build.0 = Debug|Any CPU
		{B8F67FAC-9B36-4C10-BAC3-C6C9C33248DE}.Release|Any CPU.ActiveCfg = Release|Any CPU
		{B8F67FAC-9B36-4C10-BAC3-C6C9C33248DE}.Release|Any CPU.Build.0 = Release|Any CPU
	EndGlobalSection
	GlobalSection(SolutionProperties) = preSolution
		HideSolutionNode = FALSE
	EndGlobalSection
	GlobalSection(ExtensibilityGlobals) = postSolution
		SolutionGuid = {D57ACC2E-2C2E-46B7-8144-87D49191B535}
	EndGlobalSection
EndGlobal
